
Microsoft Visual Studio Solution File, Format Version 12.00
# Visual Studio Version 17
VisualStudioVersion = 17.9.34622.214
MinimumVisualStudioVersion = 10.0.40219.1
Project("{FAE04EC0-301F-11D3-BF4B-00C04F79EFBC}") = "Snake", "Snake\Snake.csproj", "{D2195FA0-15AD-40F6-AABE-A61E45399F4D}"
EndProject
Global
	GlobalSection(SolutionConfigurationPlatforms) = preSolution
		Debug|Any CPU = Debug|Any CPU
		Release|Any CPU = Release|Any CPU
	EndGlobalSection
	GlobalSection(ProjectConfigurationPlatforms) = postSolution
		{D2195FA0-15AD-40F6-AABE-A61E45399F4D}.Debug|Any CPU.ActiveCfg = Debug|Any CPU
		{D2195FA0-15AD-40F6-AABE-A61E45399F4D}.Debug|Any CPU.Build.0 = Debug|Any CPU
		{D2195FA0-15AD-40F6-AABE-A61E45399F4D}.Release|Any CPU.ActiveCfg = Release|Any CPU
		{D2195FA0-15AD-40F6-AABE-A61E45399F4D}.Release|Any CPU.Build.0 = Release|Any CPU
	EndGlobalSection
	GlobalSection(SolutionProperties) = preSolution
		HideSolutionNode = FALSE
	EndGlobalSection
	GlobalSection(ExtensibilityGlobals) = postSolution
		SolutionGuid = {6737F71F-6A66-47E3-8EDC-8363B8AD9E92}
	EndGlobalSection
EndGlobal
